
Microsoft Visual Studio Solution File, Format Version 12.00
# Visual Studio Version 16
VisualStudioVersion = 16.0.30204.135
MinimumVisualStudioVersion = 10.0.40219.1
Project("{FAE04EC0-301F-11D3-BF4B-00C04F79EFBC}") = "Escudeiro.TrabalhandoNoConsole", "Escudeiro.TrabalhandoNoConsole\Escudeiro.TrabalhandoNoConsole.csproj", "{141B44A1-9E12-4177-9490-E575D6018F63}"
EndProject
Global
	GlobalSection(SolutionConfigurationPlatforms) = preSolution
		Debug|Any CPU = Debug|Any CPU
		Release|Any CPU = Release|Any CPU
	EndGlobalSection
	GlobalSection(ProjectConfigurationPlatforms) = postSolution
		{141B44A1-9E12-4177-9490-E575D6018F63}.Debug|Any CPU.ActiveCfg = Debug|Any CPU
		{141B44A1-9E12-4177-9490-E575D6018F63}.Debug|Any CPU.Build.0 = Debug|Any CPU
		{141B44A1-9E12-4177-9490-E575D6018F63}.Release|Any CPU.ActiveCfg = Release|Any CPU
		{141B44A1-9E12-4177-9490-E575D6018F63}.Release|Any CPU.Build.0 = Release|Any CPU
	EndGlobalSection
	GlobalSection(SolutionProperties) = preSolution
		HideSolutionNode = FALSE
	EndGlobalSection
	GlobalSection(ExtensibilityGlobals) = postSolution
		SolutionGuid = {7988745C-7735-4FBF-B99D-A8CA13E99052}
	EndGlobalSection
EndGlobal
